
Microsoft Visual Studio Solution File, Format Version 12.00
# Visual Studio 15
VisualStudioVersion = 15.0.28307.489
MinimumVisualStudioVersion = 10.0.40219.1
Project("{FAE04EC0-301F-11D3-BF4B-00C04F79EFBC}") = "LoginCobaCoba", "LoginCobaCoba\LoginCobaCoba.csproj", "{007DE50B-1EFA-4F0B-9B74-35C85BAC4A18}"
EndProject
Global
	GlobalSection(SolutionConfigurationPlatforms) = preSolution
		Debug|Any CPU = Debug|Any CPU
		Release|Any CPU = Release|Any CPU
	EndGlobalSection
	GlobalSection(ProjectConfigurationPlatforms) = postSolution
		{007DE50B-1EFA-4F0B-9B74-35C85BAC4A18}.Debug|Any CPU.ActiveCfg = Debug|Any CPU
		{007DE50B-1EFA-4F0B-9B74-35C85BAC4A18}.Debug|Any CPU.Build.0 = Debug|Any CPU
		{007DE50B-1EFA-4F0B-9B74-35C85BAC4A18}.Release|Any CPU.ActiveCfg = Release|Any CPU
		{007DE50B-1EFA-4F0B-9B74-35C85BAC4A18}.Release|Any CPU.Build.0 = Release|Any CPU
	EndGlobalSection
	GlobalSection(SolutionProperties) = preSolution
		HideSolutionNode = FALSE
	EndGlobalSection
	GlobalSection(ExtensibilityGlobals) = postSolution
		SolutionGuid = {57802A65-13E5-462B-8C8D-5EDC9D185441}
	EndGlobalSection
EndGlobal
